<?xml version="1.0" encoding="utf-8"?>
<Project ToolsVersion="4.0" xmlns="http://schemas.microsoft.com/developer/msbuild/2003">
  <ItemGroup>
    <Filter Include="Source Files">
      <UniqueIdentifier>{4FC737F1-C7A5-4376-A066-2A32D752A2FF}</UniqueIdentifier>
      <Extensions>cpp;c;cc;cxx;def;odl;idl;hpj;bat;asm;asmx</Extensions>
    </Filter>
    <Filter Include="Header Files">
      <UniqueIdentifier>{93995380-89BD-4b04-88EB-625FBE52EBFB}</UniqueIdentifier>
      <Extensions>h;hh;hpp;hxx;hm;inl;inc;xsd</Extensions>
    </Filter>
    <Filter Include="Resource Files">
      <UniqueIdentifier>{67DA6AB6-F800-4c08-8B7A-83BB121AAD01}</UniqueIdentifier>
      <Extensions>rc;ico;cur;bmp;dlg;rc2;rct;bin;rgs;gif;jpg;jpeg;jpe;resx;tiff;tif;png;wav;mfcribbon-ms</Extensions>
    </Filter>
  </ItemGroup>
  <ItemGroup>
    <Text Include="ReadMe.txt" />
  </ItemGroup>
  <ItemGroup>
    <ClInclude Include="stdafx.h">
      <Filter>Header Files</Filter>
    </ClInclude>
    <ClInclude Include="targetver.h">
      <Filter>Header Files</Filter>
    </ClInclude>
    <ClInclude Include="..\PDE\PDEGrid2D.h">
      <Filter>Header Files</Filter>
    </ClInclude>
    <ClInclude Include="..\PDE\R1R1Function.h">
      <Filter>Header Files</Filter>
    </ClInclude>
    <ClInclude Include="..\PDE\R2R1Function.h">
      <Filter>Header Files</Filter>
    </ClInclude>
    <ClInclude Include="..\SDE\BSEuler1D.h">
      <Filter>Header Files</Filter>
    </ClInclude>
    <ClInclude Include="..\SDE\RandomProcess.h">
      <Filter>Header Files</Filter>
    </ClInclude>
    <ClInclude Include="..\SDE\SinglePath.h">
      <Filter>Header Files</Filter>
    </ClInclude>
    <ClInclude Include="..\SDE\BlackScholes1D.h">
      <Filter>Header Files</Filter>
    </ClInclude>
    <ClInclude Include="..\RandomGenerator\LinearCongruential.h">
      <Filter>Header Files</Filter>
    </ClInclude>
    <ClInclude Include="..\RandomGenerator\Normal.h">
      <Filter>Header Files</Filter>
    </ClInclude>
    <ClInclude Include="..\RandomGenerator\Poisson.h">
      <Filter>Header Files</Filter>
    </ClInclude>
    <ClInclude Include="..\RandomGenerator\PseudoGenerator.h">
      <Filter>Header Files</Filter>
    </ClInclude>
    <ClInclude Include="..\RandomGenerator\RandomGenerator.h">
      <Filter>Header Files</Filter>
    </ClInclude>
    <ClInclude Include="..\RandomGenerator\UniformGenerator.h">
      <Filter>Header Files</Filter>
    </ClInclude>
    <ClInclude Include="..\RandomGenerator\Bernoulli.h">
      <Filter>Header Files</Filter>
    </ClInclude>
    <ClInclude Include="..\RandomGenerator\Binomial.h">
      <Filter>Header Files</Filter>
    </ClInclude>
    <ClInclude Include="..\RandomGenerator\ContinuousGenerator.h">
      <Filter>Header Files</Filter>
    </ClInclude>
    <ClInclude Include="..\RandomGenerator\DiscreteGenerator.h">
      <Filter>Header Files</Filter>
    </ClInclude>
    <ClInclude Include="..\RandomGenerator\EcuyerCombined.h">
      <Filter>Header Files</Filter>
    </ClInclude>
    <ClInclude Include="..\RandomGenerator\Exponential.h">
      <Filter>Header Files</Filter>
    </ClInclude>
    <ClInclude Include="..\RandomGenerator\FiniteSet.h">
      <Filter>Header Files</Filter>
    </ClInclude>
    <ClInclude Include="..\RandomGenerator\HeadTail.h">
      <Filter>Header Files</Filter>
    </ClInclude>
    <ClInclude Include="..\Matrix\Matrix.h">
      <Filter>Header Files</Filter>
    </ClInclude>
    <ClInclude Include="..\RandomGenerator\VanDerCorput.h">
      <Filter>Header Files</Filter>
    </ClInclude>
    <ClInclude Include="..\SDE\MC_European.h">
      <Filter>Header Files</Filter>
    </ClInclude>
    <ClInclude Include="..\SDE\MonteCarlo.h">
      <Filter>Header Files</Filter>
    </ClInclude>
    <ClInclude Include="..\BlackScholes\CallBasket.h">
      <Filter>Header Files</Filter>
    </ClInclude>
  </ItemGroup>
  <ItemGroup>
    <ClCompile Include="stdafx.cpp">
      <Filter>Source Files</Filter>
    </ClCompile>
    <ClCompile Include="NumericalFinance.cpp">
      <Filter>Source Files</Filter>
    </ClCompile>
    <ClCompile Include="..\PDE\PDEGrid2D.cpp">
      <Filter>Source Files</Filter>
    </ClCompile>
    <ClCompile Include="..\PDE\R1R1Function.cpp">
      <Filter>Source Files</Filter>
    </ClCompile>
    <ClCompile Include="..\PDE\R2R1Function.cpp">
      <Filter>Source Files</Filter>
    </ClCompile>
    <ClCompile Include="..\SDE\RandomProcess.cpp">
      <Filter>Source Files</Filter>
    </ClCompile>
    <ClCompile Include="..\SDE\SinglePath.cpp">
      <Filter>Source Files</Filter>
    </ClCompile>
    <ClCompile Include="..\SDE\BlackScholes1D.cpp">
      <Filter>Source Files</Filter>
    </ClCompile>
    <ClCompile Include="..\SDE\BSEuler1D.cpp">
      <Filter>Source Files</Filter>
    </ClCompile>
    <ClCompile Include="..\RandomGenerator\Exponential.cpp">
      <Filter>Source Files</Filter>
    </ClCompile>
    <ClCompile Include="..\RandomGenerator\FiniteSet.cpp">
      <Filter>Source Files</Filter>
    </ClCompile>
    <ClCompile Include="..\RandomGenerator\HeadTail.cpp">
      <Filter>Source Files</Filter>
    </ClCompile>
    <ClCompile Include="..\RandomGenerator\LinearCongruential.cpp">
      <Filter>Source Files</Filter>
    </ClCompile>
    <ClCompile Include="..\RandomGenerator\Normal.cpp">
      <Filter>Source Files</Filter>
    </ClCompile>
    <ClCompile Include="..\RandomGenerator\Poisson.cpp">
      <Filter>Source Files</Filter>
    </ClCompile>
    <ClCompile Include="..\RandomGenerator\PseudoGenerator.cpp">
      <Filter>Source Files</Filter>
    </ClCompile>
    <ClCompile Include="..\RandomGenerator\RandomGenerator.cpp">
      <Filter>Source Files</Filter>
    </ClCompile>
    <ClCompile Include="..\RandomGenerator\UniformGenerator.cpp">
      <Filter>Source Files</Filter>
    </ClCompile>
    <ClCompile Include="..\RandomGenerator\Bernoulli.cpp">
      <Filter>Source Files</Filter>
    </ClCompile>
    <ClCompile Include="..\RandomGenerator\Binomial.cpp">
      <Filter>Source Files</Filter>
    </ClCompile>
    <ClCompile Include="..\RandomGenerator\ContinuousGenerator.cpp">
      <Filter>Source Files</Filter>
    </ClCompile>
    <ClCompile Include="..\RandomGenerator\DiscreteGenerator.cpp">
      <Filter>Source Files</Filter>
    </ClCompile>
    <ClCompile Include="..\RandomGenerator\EcuyerCombined.cpp">
      <Filter>Source Files</Filter>
    </ClCompile>
    <ClCompile Include="..\Matrix\Matrix.cpp">
      <Filter>Source Files</Filter>
    </ClCompile>
    <ClCompile Include="..\RandomGenerator\VanDerCorput.cpp">
      <Filter>Source Files</Filter>
    </ClCompile>
    <ClCompile Include="..\SDE\MonteCarlo.cpp">
      <Filter>Source Files</Filter>
    </ClCompile>
    <ClCompile Include="..\SDE\MC_European.cpp">
      <Filter>Source Files</Filter>
    </ClCompile>
    <ClCompile Include="..\BlackScholes\CallBasket.cpp">
      <Filter>Source Files</Filter>
    </ClCompile>
  </ItemGroup>
</Project>